<Solution>
  <Folder Name="/Messaging/">
    <Project Path="../../MessageService/MessageService.csproj" />
  </Folder>
  <Folder Name="/UserService/">
    <Project Path="../BussinessLayer/BussinessLayer.csproj" />
    <Project Path="../ModelLayer/ModelLayer.csproj" />
    <Project Path="../RepositoryLayer/RepositoryLayer.csproj" />
    <Project Path="Fundoo.csproj" />
  </Folder>
  <Project Path="../Fundoo/Fundoo.csproj" Id="cbf476b0-d270-d2d4-b88a-7eca9fc467cd">
    <BuildType Project="?" />
    <Platform Project="?" />
    <Build Project="false" />
  </Project>
</Solution>
